
Microsoft Visual Studio Solution File, Format Version 12.00
# Visual Studio Version 16
VisualStudioVersion = 16.0.31205.134
MinimumVisualStudioVersion = 10.0.40219.1
Project("{FAE04EC0-301F-11D3-BF4B-00C04F79EFBC}") = "BookStoreApp", "BookStoreApp\BookStoreApp.csproj", "{91D3BF69-F528-4553-9A2A-2FC095823A49}"
EndProject
Global
	GlobalSection(SolutionConfigurationPlatforms) = preSolution
		Debug|Any CPU = Debug|Any CPU
		Release|Any CPU = Release|Any CPU
	EndGlobalSection
	GlobalSection(ProjectConfigurationPlatforms) = postSolution
		{91D3BF69-F528-4553-9A2A-2FC095823A49}.Debug|Any CPU.ActiveCfg = Debug|Any CPU
		{91D3BF69-F528-4553-9A2A-2FC095823A49}.Debug|Any CPU.Build.0 = Debug|Any CPU
		{91D3BF69-F528-4553-9A2A-2FC095823A49}.Release|Any CPU.ActiveCfg = Release|Any CPU
		{91D3BF69-F528-4553-9A2A-2FC095823A49}.Release|Any CPU.Build.0 = Release|Any CPU
	EndGlobalSection
	GlobalSection(SolutionProperties) = preSolution
		HideSolutionNode = FALSE
	EndGlobalSection
	GlobalSection(ExtensibilityGlobals) = postSolution
		SolutionGuid = {D9C16BF9-7505-443D-A9B3-435A20C0A5A2}
	EndGlobalSection
EndGlobal
